
Microsoft Visual Studio Solution File, Format Version 12.00
# Visual Studio 15
VisualStudioVersion = 15.0.27428.2037
MinimumVisualStudioVersion = 10.0.40219.1
Project("{FAE04EC0-301F-11D3-BF4B-00C04F79EFBC}") = "Submarines", "Submarines\Submarines.csproj", "{6BC8CE46-4D49-4D56-8D65-0337ADA12A89}"
EndProject
Project("{FAE04EC0-301F-11D3-BF4B-00C04F79EFBC}") = "Manta", "Manta\Manta.csproj", "{C3C8CF34-F160-46BD-8673-53F9DCE49270}"
EndProject
Global
	GlobalSection(SolutionConfigurationPlatforms) = preSolution
		SN|Any CPU = SN|Any CPU
	EndGlobalSection
	GlobalSection(ProjectConfigurationPlatforms) = postSolution
		{C3C8CF34-F160-46BD-8673-53F9DCE49270}.SN|Any CPU.ActiveCfg = SN|Any CPU
		{C3C8CF34-F160-46BD-8673-53F9DCE49270}.SN|Any CPU.Build.0 = SN|Any CPU
		{6BC8CE46-4D49-4D56-8D65-0337ADA12A89}.SN|Any CPU.ActiveCfg = SN|Any CPU
		{6BC8CE46-4D49-4D56-8D65-0337ADA12A89}.SN|Any CPU.Build.0 = SN|Any CPU
	EndGlobalSection
	GlobalSection(SolutionProperties) = preSolution
		HideSolutionNode = FALSE
	EndGlobalSection
	GlobalSection(ExtensibilityGlobals) = postSolution
		SolutionGuid = {D2BDD089-F519-4AB2-9A4F-63FF55D1D03D}
	EndGlobalSection
EndGlobal
